// !$*UTF8*$!
{
	archiveVersion = 1;
	classes = {
	};
	objectVersion = 77;
	objects = {

/* Begin PBXContainerItemProxy section */
		F0CC6B262DC3B716005FF785 /* PBXContainerItemProxy */ = {
			isa = PBXContainerItemProxy;
			containerPortal = F0CC6B102DC3B714005FF785 /* Project object */;
			proxyType = 1;
			remoteGlobalIDString = F0CC6B172DC3B714005FF785;
			remoteInfo = KetoDietApp;
		};
		F0CC6B302DC3B716005FF785 /* PBXContainerItemProxy */ = {
			isa = PBXContainerItemProxy;
			containerPortal = F0CC6B102DC3B714005FF785 /* Project object */;
			proxyType = 1;
			remoteGlobalIDString = F0CC6B172DC3B714005FF785;
			remoteInfo = KetoDietApp;
		};
/* End PBXContainerItemProxy section */

/* Begin PBXFileReference section */
		F0CC6B182DC3B714005FF785 /* KetoDietApp.app */ = {isa = PBXFileReference; explicitFileType = wrapper.application; includeInIndex = 0; path = KetoDietApp.app; sourceTree = BUILT_PRODUCTS_DIR; };
		F0CC6B252DC3B716005FF785 /* KetoDietAppTests.xctest */ = {isa = PBXFileReference; explicitFileType = wrapper.cfbundle; includeInIndex = 0; path = KetoDietAppTests.xctest; sourceTree = BUILT_PRODUCTS_DIR; };
		F0CC6B2F2DC3B716005FF785 /* KetoDietAppUITests.xctest */ = {isa = PBXFileReference; explicitFileType = wrapper.cfbundle; includeInIndex = 0; path = KetoDietAppUITests.xctest; sourceTree = BUILT_PRODUCTS_DIR; };
/* End PBXFileReference section */

/* Begin PBXFileSystemSynchronizedRootGroup section */
		F0CC6B1A2DC3B714005FF785 /* KetoDietApp */ = {
			isa = PBXFileSystemSynchronizedRootGroup;
			path = KetoDietApp;
			sourceTree = "<group>";
		};
		F0CC6B282DC3B716005FF785 /* KetoDietAppTests */ = {
			isa = PBXFileSystemSynchronizedRootGroup;
			path = KetoDietAppTests;
			sourceTree = "<group>";
		};
		F0CC6B322DC3B716005FF785 /* KetoDietAppUITests */ = {
			isa = PBXFileSystemSynchronizedRootGroup;
			path = KetoDietAppUITests;
			sourceTree = "<group>";
		};
/* End PBXFileSystemSynchronizedRootGroup section */

/* Begin PBXFrameworksBuildPhase section */
		F0CC6B152DC3B714005FF785 /* Frameworks */ = {
			isa = PBXFrameworksBuildPhase;
			buildActionMask = 2147483647;
			files = (
			);
			runOnlyForDeploymentPostprocessing = 0;
		};
		F0CC6B222DC3B716005FF785 /* Frameworks */ = {
			isa = PBXFrameworksBuildPhase;
			buildActionMask = 2147483647;
			files = (
			);
			runOnlyForDeploymentPostprocessing = 0;
		};
		F0CC6B2C2DC3B716005FF785 /* Frameworks */ = {
			isa = PBXFrameworksBuildPhase;
			buildActionMask = 2147483647;
			files = (
			);
			runOnlyForDeploymentPostprocessing = 0;
		};
/* End PBXFrameworksBuildPhase section */

/* Begin PBXGroup section */
		F0CC6B0F2DC3B714005FF785 = {
			isa = PBXGroup;
			children = (
				F0CC6B1A2DC3B714005FF785 /* KetoDietApp */,
				F0CC6B282DC3B716005FF785 /* KetoDietAppTests */,
				F0CC6B322DC3B716005FF785 /* KetoDietAppUITests */,
				F0CC6B192DC3B714005FF785 /* Products */,
			);
			sourceTree = "<group>";
		};
		F0CC6B192DC3B714005FF785 /* Products */ = {
			isa = PBXGroup;
			children = (
				F0CC6B182DC3B714005FF785 /* KetoDietApp.app */,
				F0CC6B252DC3B716005FF785 /* KetoDietAppTests.xctest */,
				F0CC6B2F2DC3B716005FF785 /* KetoDietAppUITests.xctest */,
			);
			name = Products;
			sourceTree = "<group>";
		};
/* End PBXGroup section */

/* Begin PBXNativeTarget section */
		F0CC6B172DC3B714005FF785 /* KetoDietApp */ = {
			isa = PBXNativeTarget;
			buildConfigurationList = F0CC6B392DC3B716005FF785 /* Build configuration list for PBXNativeTarget "KetoDietApp" */;
			buildPhases = (
				F0CC6B142DC3B714005FF785 /* Sources */,
				F0CC6B152DC3B714005FF785 /* Frameworks */,
				F0CC6B162DC3B714005FF785 /* Resources */,
			);
			buildRules = (
			);
			dependencies = (
			);
			fileSystemSynchronizedGroups = (
				F0CC6B1A2DC3B714005FF785 /* KetoDietApp */,
			);
			name = KetoDietApp;
			packageProductDependencies = (
			);
			productName = KetoDietApp;
			productReference = F0CC6B182DC3B714005FF785 /* KetoDietApp.app */;
			productType = "com.apple.product-type.application";
		};
		F0CC6B242DC3B716005FF785 /* KetoDietAppTests */ = {
			isa = PBXNativeTarget;
			buildConfigurationList = F0CC6B3C2DC3B716005FF785 /* Build configuration list for PBXNativeTarget "KetoDietAppTests" */;
			buildPhases = (
				F0CC6B212DC3B716005FF785 /* Sources */,
				F0CC6B222DC3B716005FF785 /* Frameworks */,
				F0CC6B232DC3B716005FF785 /* Resources */,
			);
			buildRules = (
			);
			dependencies = (
				F0CC6B272DC3B716005FF785 /* PBXTargetDependency */,
			);
			fileSystemSynchronizedGroups = (
				F0CC6B282DC3B716005FF785 /* KetoDietAppTests */,
			);
			name = KetoDietAppTests;
			packageProductDependencies = (
			);
			productName = KetoDietAppTests;
			productReference = F0CC6B252DC3B716005FF785 /* KetoDietAppTests.xctest */;
			productType = "com.apple.product-type.bundle.unit-test";
		};
		F0CC6B2E2DC3B716005FF785 /* KetoDietAppUITests */ = {
			isa = PBXNativeTarget;
			buildConfigurationList = F0CC6B3F2DC3B716005FF785 /* Build configuration list for PBXNativeTarget "KetoDietAppUITests" */;
			buildPhases = (
				F0CC6B2B2DC3B716005FF785 /* Sources */,
				F0CC6B2C2DC3B716005FF785 /* Frameworks */,
				F0CC6B2D2DC3B716005FF785 /* Resources */,
			);
			buildRules = (
			);
			dependencies = (
				F0CC6B312DC3B716005FF785 /* PBXTargetDependency */,
			);
			fileSystemSynchronizedGroups = (
				F0CC6B322DC3B716005FF785 /* KetoDietAppUITests */,
			);
			name = KetoDietAppUITests;
			packageProductDependencies = (
			);
			productName = KetoDietAppUITests;
			productReference = F0CC6B2F2DC3B716005FF785 /* KetoDietAppUITests.xctest */;
			productType = "com.apple.product-type.bundle.ui-testing";
		};
/* End PBXNativeTarget section */

/* Begin PBXProject section */
		F0CC6B102DC3B714005FF785 /* Project object */ = {
			isa = PBXProject;
			attributes = {
				BuildIndependentTargetsInParallel = 1;
				LastSwiftUpdateCheck = 1630;
				LastUpgradeCheck = 1630;
				TargetAttributes = {
					F0CC6B172DC3B714005FF785 = {
						CreatedOnToolsVersion = 16.3;
					};
					F0CC6B242DC3B716005FF785 = {
						CreatedOnToolsVersion = 16.3;
						TestTargetID = F0CC6B172DC3B714005FF785;
					};
					F0CC6B2E2DC3B716005FF785 = {
						CreatedOnToolsVersion = 16.3;
						TestTargetID = F0CC6B172DC3B714005FF785;
					};
				};
			};
			buildConfigurationList = F0CC6B132DC3B714005FF785 /* Build configuration list for PBXProject "KetoDietApp" */;
			developmentRegion = en;
			hasScannedForEncodings = 0;
			knownRegions = (
				en,
				Base,
			);
			mainGroup = F0CC6B0F2DC3B714005FF785;
			minimizedProjectReferenceProxies = 1;
			preferredProjectObjectVersion = 77;
			productRefGroup = F0CC6B192DC3B714005FF785 /* Products */;
			projectDirPath = "";
			projectRoot = "";
			targets = (
				F0CC6B172DC3B714005FF785 /* KetoDietApp */,
				F0CC6B242DC3B716005FF785 /* KetoDietAppTests */,
				F0CC6B2E2DC3B716005FF785 /* KetoDietAppUITests */,
			);
		};
/* End PBXProject section */

/* Begin PBXResourcesBuildPhase section */
		F0CC6B162DC3B714005FF785 /* Resources */ = {
			isa = PBXResourcesBuildPhase;
			buildActionMask = 2147483647;
			files = (
			);
			runOnlyForDeploymentPostprocessing = 0;
		};
		F0CC6B232DC3B716005FF785 /* Resources */ = {
			isa = PBXResourcesBuildPhase;
			buildActionMask = 2147483647;
			files = (
			);
			runOnlyForDeploymentPostprocessing = 0;
		};
		F0CC6B2D2DC3B716005FF785 /* Resources */ = {
			isa = PBXResourcesBuildPhase;
			buildActionMask = 2147483647;
			files = (
			);
			runOnlyForDeploymentPostprocessing = 0;
		};
/* End PBXResourcesBuildPhase section */

/* Begin PBXSourcesBuildPhase section */
		F0CC6B142DC3B714005FF785 /* Sources */ = {
			isa = PBXSourcesBuildPhase;
			buildActionMask = 2147483647;
			files = (
			);
			runOnlyForDeploymentPostprocessing = 0;
		};
		F0CC6B212DC3B716005FF785 /* Sources */ = {
			isa = PBXSourcesBuildPhase;
			buildActionMask = 2147483647;
			files = (
			);
			runOnlyForDeploymentPostprocessing = 0;
		};
		F0CC6B2B2DC3B716005FF785 /* Sources */ = {
			isa = PBXSourcesBuildPhase;
			buildActionMask = 2147483647;
			files = (
			);
			runOnlyForDeploymentPostprocessing = 0;
		};
/* End PBXSourcesBuildPhase section */

/* Begin PBXTargetDependency section */
		F0CC6B272DC3B716005FF785 /* PBXTargetDependency */ = {
			isa = PBXTargetDependency;
			target = F0CC6B172DC3B714005FF785 /* KetoDietApp */;
			targetProxy = F0CC6B262DC3B716005FF785 /* PBXContainerItemProxy */;
		};
		F0CC6B312DC3B716005FF785 /* PBXTargetDependency */ = {
			isa = PBXTargetDependency;
			target = F0CC6B172DC3B714005FF785 /* KetoDietApp */;
			targetProxy = F0CC6B302DC3B716005FF785 /* PBXContainerItemProxy */;
		};
/* End PBXTargetDependency section */

/* Begin XCBuildConfiguration section */
		F0CC6B372DC3B716005FF785 /* Debug */ = {
			isa = XCBuildConfiguration;
			buildSettings = {
				ALWAYS_SEARCH_USER_PATHS = NO;
				ASSETCATALOG_COMPILER_GENERATE_SWIFT_ASSET_SYMBOL_EXTENSIONS = YES;
				CLANG_ANALYZER_NONNULL = YES;
				CLANG_ANALYZER_NUMBER_OBJECT_CONVERSION = YES_AGGRESSIVE;
				CLANG_CXX_LANGUAGE_STANDARD = "gnu++20";
				CLANG_ENABLE_MODULES = YES;
				CLANG_ENABLE_OBJC_ARC = YES;
				CLANG_ENABLE_OBJC_WEAK = YES;
				CLANG_WARN_BLOCK_CAPTURE_AUTORELEASING = YES;
				CLANG_WARN_BOOL_CONVERSION = YES;
				CLANG_WARN_COMMA = YES;
				CLANG_WARN_CONSTANT_CONVERSION = YES;
				CLANG_WARN_DEPRECATED_OBJC_IMPLEMENTATIONS = YES;
				CLANG_WARN_DIRECT_OBJC_ISA_USAGE = YES_ERROR;
				CLANG_WARN_DOCUMENTATION_COMMENTS = YES;
				CLANG_WARN_EMPTY_BODY = YES;
				CLANG_WARN_ENUM_CONVERSION = YES;
				CLANG_WARN_INFINITE_RECURSION = YES;
				CLANG_WARN_INT_CONVERSION = YES;
				CLANG_WARN_NON_LITERAL_NULL_CONVERSION = YES;
				CLANG_WARN_OBJC_IMPLICIT_RETAIN_SELF = YES;
				CLANG_WARN_OBJC_LITERAL_CONVERSION = YES;
				CLANG_WARN_OBJC_ROOT_CLASS = YES_ERROR;
				CLANG_WARN_QUOTED_INCLUDE_IN_FRAMEWORK_HEADER = YES;
				CLANG_WARN_RANGE_LOOP_ANALYSIS = YES;
				CLANG_WARN_STRICT_PROTOTYPES = YES;
				CLANG_WARN_SUSPICIOUS_MOVE = YES;
				CLANG_WARN_UNGUARDED_AVAILABILITY = YES_AGGRESSIVE;
				CLANG_WARN_UNREACHABLE_CODE = YES;
				CLANG_WARN__DUPLICATE_METHOD_MATCH = YES;
				COPY_PHASE_STRIP = NO;
				DEBUG_INFORMATION_FORMAT = dwarf;
				ENABLE_STRICT_OBJC_MSGSEND = YES;
				ENABLE_TESTABILITY = YES;
				ENABLE_USER_SCRIPT_SANDBOXING = YES;
				GCC_C_LANGUAGE_STANDARD = gnu17;
				GCC_DYNAMIC_NO_PIC = NO;
				GCC_NO_COMMON_BLOCKS = YES;
				GCC_OPTIMIZATION_LEVEL = 0;
				GCC_PREPROCESSOR_DEFINITIONS = (
					"DEBUG=1",
					"$(inherited)",
				);
				GCC_WARN_64_TO_32_BIT_CONVERSION = YES;
				GCC_WARN_ABOUT_RETURN_TYPE = YES_ERROR;
				GCC_WARN_UNDECLARED_SELECTOR = YES;
				GCC_WARN_UNINITIALIZED_AUTOS = YES_AGGRESSIVE;
				GCC_WARN_UNUSED_FUNCTION = YES;
				GCC_WARN_UNUSED_VARIABLE = YES;
				IPHONEOS_DEPLOYMENT_TARGET = 18.4;
				LOCALIZATION_PREFERS_STRING_CATALOGS = YES;
				MTL_ENABLE_DEBUG_INFO = INCLUDE_SOURCE;
				MTL_FAST_MATH = YES;
				ONLY_ACTIVE_ARCH = YES;
				SDKROOT = iphoneos;
				SWIFT_ACTIVE_COMPILATION_CONDITIONS = "DEBUG $(inherited)";
				SWIFT_OPTIMIZATION_LEVEL = "-Onone";
			};
			name = Debug;
		};
		F0CC6B382DC3B716005FF785 /* Release */ = {
			isa = XCBuildConfiguration;
			buildSettings = {
				ALWAYS_SEARCH_USER_PATHS = NO;
				ASSETCATALOG_COMPILER_GENERATE_SWIFT_ASSET_SYMBOL_EXTENSIONS = YES;
				CLANG_ANALYZER_NONNULL = YES;
				CLANG_ANALYZER_NUMBER_OBJECT_CONVERSION = YES_AGGRESSIVE;
				CLANG_CXX_LANGUAGE_STANDARD = "gnu++20";
				CLANG_ENABLE_MODULES = YES;
				CLANG_ENABLE_OBJC_ARC = YES;
				CLANG_ENABLE_OBJC_WEAK = YES;
				CLANG_WARN_BLOCK_CAPTURE_AUTORELEASING = YES;
				CLANG_WARN_BOOL_CONVERSION = YES;
				CLANG_WARN_COMMA = YES;
				CLANG_WARN_CONSTANT_CONVERSION = YES;
				CLANG_WARN_DEPRECATED_OBJC_IMPLEMENTATIONS = YES;
				CLANG_WARN_DIRECT_OBJC_ISA_USAGE = YES_ERROR;
				CLANG_WARN_DOCUMENTATION_COMMENTS = YES;
				CLANG_WARN_EMPTY_BODY = YES;
				CLANG_WARN_ENUM_CONVERSION = YES;
				CLANG_WARN_INFINITE_RECURSION = YES;
				CLANG_WARN_INT_CONVERSION = YES;
				CLANG_WARN_NON_LITERAL_NULL_CONVERSION = YES;
				CLANG_WARN_OBJC_IMPLICIT_RETAIN_SELF = YES;
				CLANG_WARN_OBJC_LITERAL_CONVERSION = YES;
				CLANG_WARN_OBJC_ROOT_CLASS = YES_ERROR;
				CLANG_WARN_QUOTED_INCLUDE_IN_FRAMEWORK_HEADER = YES;
				CLANG_WARN_RANGE_LOOP_ANALYSIS = YES;
				CLANG_WARN_STRICT_PROTOTYPES = YES;
				CLANG_WARN_SUSPICIOUS_MOVE = YES;
				CLANG_WARN_UNGUARDED_AVAILABILITY = YES_AGGRESSIVE;
				CLANG_WARN_UNREACHABLE_CODE = YES;
				CLANG_WARN__DUPLICATE_METHOD_MATCH = YES;
				COPY_PHASE_STRIP = NO;
				DEBUG_INFORMATION_FORMAT = "dwarf-with-dsym";
				ENABLE_NS_ASSERTIONS = NO;
				ENABLE_STRICT_OBJC_MSGSEND = YES;
				ENABLE_USER_SCRIPT_SANDBOXING = YES;
				GCC_C_LANGUAGE_STANDARD = gnu17;
				GCC_NO_COMMON_BLOCKS = YES;
				GCC_WARN_64_TO_32_BIT_CONVERSION = YES;
				GCC_WARN_ABOUT_RETURN_TYPE = YES_ERROR;
				GCC_WARN_UNDECLARED_SELECTOR = YES;
				GCC_WARN_UNINITIALIZED_AUTOS = YES_AGGRESSIVE;
				GCC_WARN_UNUSED_FUNCTION = YES;
				GCC_WARN_UNUSED_VARIABLE = YES;
				IPHONEOS_DEPLOYMENT_TARGET = 18.4;
				LOCALIZATION_PREFERS_STRING_CATALOGS = YES;
				MTL_ENABLE_DEBUG_INFO = NO;
				MTL_FAST_MATH = YES;
				SDKROOT = iphoneos;
				SWIFT_COMPILATION_MODE = wholemodule;
				VALIDATE_PRODUCT = YES;
			};
			name = Release;
		};
		F0CC6B3A2DC3B716005FF785 /* Debug */ = {
			isa = XCBuildConfiguration;
			buildSettings = {
				ASSETCATALOG_COMPILER_APPICON_NAME = AppIcon;
				ASSETCATALOG_COMPILER_GLOBAL_ACCENT_COLOR_NAME = AccentColor;
				CODE_SIGN_STYLE = Automatic;
				CURRENT_PROJECT_VERSION = 1;
				ENABLE_PREVIEWS = YES;
				GENERATE_INFOPLIST_FILE = YES;
				INFOPLIST_KEY_UIApplicationSceneManifest_Generation = YES;
				INFOPLIST_KEY_UIApplicationSupportsIndirectInputEvents = YES;
				INFOPLIST_KEY_UILaunchScreen_Generation = YES;
				INFOPLIST_KEY_UISupportedInterfaceOrientations_iPad = "UIInterfaceOrientationPortrait UIInterfaceOrientationPortraitUpsideDown UIInterfaceOrientationLandscapeLeft UIInterfaceOrientationLandscapeRight";
				INFOPLIST_KEY_UISupportedInterfaceOrientations_iPhone = "UIInterfaceOrientationPortrait UIInterfaceOrientationLandscapeLeft UIInterfaceOrientationLandscapeRight";
				LD_RUNPATH_SEARCH_PATHS = (
					"$(inherited)",
					"@executable_path/Frameworks",
				);
				MARKETING_VERSION = 1.0;
				PRODUCT_BUNDLE_IDENTIFIER = com.appfolks.KetoDietApp;
				PRODUCT_NAME = "$(TARGET_NAME)";
				SWIFT_EMIT_LOC_STRINGS = YES;
				SWIFT_VERSION = 5.0;
				TARGETED_DEVICE_FAMILY = "1,2";
			};
			name = Debug;
		};
		F0CC6B3B2DC3B716005FF785 /* Release */ = {
			isa = XCBuildConfiguration;
			buildSettings = {
				ASSETCATALOG_COMPILER_APPICON_NAME = AppIcon;
				ASSETCATALOG_COMPILER_GLOBAL_ACCENT_COLOR_NAME = AccentColor;
				CODE_SIGN_STYLE = Automatic;
				CURRENT_PROJECT_VERSION = 1;
				ENABLE_PREVIEWS = YES;
				GENERATE_INFOPLIST_FILE = YES;
				INFOPLIST_KEY_UIApplicationSceneManifest_Generation = YES;
				INFOPLIST_KEY_UIApplicationSupportsIndirectInputEvents = YES;
				INFOPLIST_KEY_UILaunchScreen_Generation = YES;
				INFOPLIST_KEY_UISupportedInterfaceOrientations_iPad = "UIInterfaceOrientationPortrait UIInterfaceOrientationPortraitUpsideDown UIInterfaceOrientationLandscapeLeft UIInterfaceOrientationLandscapeRight";
				INFOPLIST_KEY_UISupportedInterfaceOrientations_iPhone = "UIInterfaceOrientationPortrait UIInterfaceOrientationLandscapeLeft UIInterfaceOrientationLandscapeRight";
				LD_RUNPATH_SEARCH_PATHS = (
					"$(inherited)",
					"@executable_path/Frameworks",
				);
				MARKETING_VERSION = 1.0;
				PRODUCT_BUNDLE_IDENTIFIER = com.appfolks.KetoDietApp;
				PRODUCT_NAME = "$(TARGET_NAME)";
				SWIFT_EMIT_LOC_STRINGS = YES;
				SWIFT_VERSION = 5.0;
				TARGETED_DEVICE_FAMILY = "1,2";
			};
			name = Release;
		};
		F0CC6B3D2DC3B716005FF785 /* Debug */ = {
			isa = XCBuildConfiguration;
			buildSettings = {
				BUNDLE_LOADER = "$(TEST_HOST)";
				CODE_SIGN_STYLE = Automatic;
				CURRENT_PROJECT_VERSION = 1;
				GENERATE_INFOPLIST_FILE = YES;
				IPHONEOS_DEPLOYMENT_TARGET = 18.4;
				MARKETING_VERSION = 1.0;
				PRODUCT_BUNDLE_IDENTIFIER = com.appfolks.KetoDietAppTests;
				PRODUCT_NAME = "$(TARGET_NAME)";
				SWIFT_EMIT_LOC_STRINGS = NO;
				SWIFT_VERSION = 5.0;
				TARGETED_DEVICE_FAMILY = "1,2";
				TEST_HOST = "$(BUILT_PRODUCTS_DIR)/KetoDietApp.app/$(BUNDLE_EXECUTABLE_FOLDER_PATH)/KetoDietApp";
			};
			name = Debug;
		};
		F0CC6B3E2DC3B716005FF785 /* Release */ = {
			isa = XCBuildConfiguration;
			buildSettings = {
				BUNDLE_LOADER = "$(TEST_HOST)";
				CODE_SIGN_STYLE = Automatic;
				CURRENT_PROJECT_VERSION = 1;
				GENERATE_INFOPLIST_FILE = YES;
				IPHONEOS_DEPLOYMENT_TARGET = 18.4;
				MARKETING_VERSION = 1.0;
				PRODUCT_BUNDLE_IDENTIFIER = com.appfolks.KetoDietAppTests;
				PRODUCT_NAME = "$(TARGET_NAME)";
				SWIFT_EMIT_LOC_STRINGS = NO;
				SWIFT_VERSION = 5.0;
				TARGETED_DEVICE_FAMILY = "1,2";
				TEST_HOST = "$(BUILT_PRODUCTS_DIR)/KetoDietApp.app/$(BUNDLE_EXECUTABLE_FOLDER_PATH)/KetoDietApp";
			};
			name = Release;
		};
		F0CC6B402DC3B716005FF785 /* Debug */ = {
			isa = XCBuildConfiguration;
			buildSettings = {
				CODE_SIGN_STYLE = Automatic;
				CURRENT_PROJECT_VERSION = 1;
				GENERATE_INFOPLIST_FILE = YES;
				MARKETING_VERSION = 1.0;
				PRODUCT_BUNDLE_IDENTIFIER = com.appfolks.KetoDietAppUITests;
				PRODUCT_NAME = "$(TARGET_NAME)";
				SWIFT_EMIT_LOC_STRINGS = NO;
				SWIFT_VERSION = 5.0;
				TARGETED_DEVICE_FAMILY = "1,2";
				TEST_TARGET_NAME = KetoDietApp;
			};
			name = Debug;
		};
		F0CC6B412DC3B716005FF785 /* Release */ = {
			isa = XCBuildConfiguration;
			buildSettings = {
				CODE_SIGN_STYLE = Automatic;
				CURRENT_PROJECT_VERSION = 1;
				GENERATE_INFOPLIST_FILE = YES;
				MARKETING_VERSION = 1.0;
				PRODUCT_BUNDLE_IDENTIFIER = com.appfolks.KetoDietAppUITests;
				PRODUCT_NAME = "$(TARGET_NAME)";
				SWIFT_EMIT_LOC_STRINGS = NO;
				SWIFT_VERSION = 5.0;
				TARGETED_DEVICE_FAMILY = "1,2";
				TEST_TARGET_NAME = KetoDietApp;
			};
			name = Release;
		};
/* End XCBuildConfiguration section */

/* Begin XCConfigurationList section */
		F0CC6B132DC3B714005FF785 /* Build configuration list for PBXProject "KetoDietApp" */ = {
			isa = XCConfigurationList;
			buildConfigurations = (
				F0CC6B372DC3B716005FF785 /* Debug */,
				F0CC6B382DC3B716005FF785 /* Release */,
			);
			defaultConfigurationIsVisible = 0;
			defaultConfigurationName = Release;
		};
		F0CC6B392DC3B716005FF785 /* Build configuration list for PBXNativeTarget "KetoDietApp" */ = {
			isa = XCConfigurationList;
			buildConfigurations = (
				F0CC6B3A2DC3B716005FF785 /* Debug */,
				F0CC6B3B2DC3B716005FF785 /* Release */,
			);
			defaultConfigurationIsVisible = 0;
			defaultConfigurationName = Release;
		};
		F0CC6B3C2DC3B716005FF785 /* Build configuration list for PBXNativeTarget "KetoDietAppTests" */ = {
			isa = XCConfigurationList;
			buildConfigurations = (
				F0CC6B3D2DC3B716005FF785 /* Debug */,
				F0CC6B3E2DC3B716005FF785 /* Release */,
			);
			defaultConfigurationIsVisible = 0;
			defaultConfigurationName = Release;
		};
		F0CC6B3F2DC3B716005FF785 /* Build configuration list for PBXNativeTarget "KetoDietAppUITests" */ = {
			isa = XCConfigurationList;
			buildConfigurations = (
				F0CC6B402DC3B716005FF785 /* Debug */,
				F0CC6B412DC3B716005FF785 /* Release */,
			);
			defaultConfigurationIsVisible = 0;
			defaultConfigurationName = Release;
		};
/* End XCConfigurationList section */
	};
	rootObject = F0CC6B102DC3B714005FF785 /* Project object */;
}
